
Microsoft Visual Studio Solution File, Format Version 12.00
# Visual Studio Version 17
VisualStudioVersion = 17.10.35013.160
MinimumVisualStudioVersion = 10.0.40219.1
Project("{9A19103F-16F7-4668-BE54-9A1E7A4F7556}") = "FinalProjectsManager", "FinalProjectsManager.csproj", "{38308738-48E3-4ACC-9EC9-BF7F2FF4B662}"
EndProject
Global
	GlobalSection(SolutionConfigurationPlatforms) = preSolution
		Debug|Any CPU = Debug|Any CPU
		Release|Any CPU = Release|Any CPU
	EndGlobalSection
	GlobalSection(ProjectConfigurationPlatforms) = postSolution
		{38308738-48E3-4ACC-9EC9-BF7F2FF4B662}.Debug|Any CPU.ActiveCfg = Debug|Any CPU
		{38308738-48E3-4ACC-9EC9-BF7F2FF4B662}.Debug|Any CPU.Build.0 = Debug|Any CPU
		{38308738-48E3-4ACC-9EC9-BF7F2FF4B662}.Release|Any CPU.ActiveCfg = Release|Any CPU
		{38308738-48E3-4ACC-9EC9-BF7F2FF4B662}.Release|Any CPU.Build.0 = Release|Any CPU
	EndGlobalSection
	GlobalSection(SolutionProperties) = preSolution
		HideSolutionNode = FALSE
	EndGlobalSection
	GlobalSection(ExtensibilityGlobals) = postSolution
		SolutionGuid = {95105EBA-C057-4831-860C-922853B7F100}
	EndGlobalSection
EndGlobal
